// !$*UTF8*$!
{
	archiveVersion = 1;
	classes = {
	};
	objectVersion = 60;
	objects = {

/* Begin PBXBuildFile section */
		B5535C0D2AEEFC6700709D53 /* StartView.swift in Sources */ = {isa = PBXBuildFile; fileRef = B5535C0C2AEEFC6700709D53 /* StartView.swift */; };
		B5535C0F2AEEFCC700709D53 /* MainMenuView.swift in Sources */ = {isa = PBXBuildFile; fileRef = B5535C0E2AEEFCC700709D53 /* MainMenuView.swift */; };
		B56A1DAB2AFD5F84006AC92D /* AuthView.swift in Sources */ = {isa = PBXBuildFile; fileRef = B56A1DAA2AFD5F84006AC92D /* AuthView.swift */; };
		B57AAA352AF12DE6003E79E6 /* InfoRowView.swift in Sources */ = {isa = PBXBuildFile; fileRef = B57AAA342AF12DE6003E79E6 /* InfoRowView.swift */; };
		B584C3182AE9879B00464E32 /* GradifyApp.swift in Sources */ = {isa = PBXBuildFile; fileRef = B584C3172AE9879B00464E32 /* GradifyApp.swift */; };
		B584C31C2AE9879D00464E32 /* Assets.xcassets in Resources */ = {isa = PBXBuildFile; fileRef = B584C31B2AE9879D00464E32 /* Assets.xcassets */; };
		B584C31F2AE9879D00464E32 /* Preview Assets.xcassets in Resources */ = {isa = PBXBuildFile; fileRef = B584C31E2AE9879D00464E32 /* Preview Assets.xcassets */; };
		B5E23C6D2AFBD3F600806DAC /* ButtonView.swift in Sources */ = {isa = PBXBuildFile; fileRef = B5E23C6C2AFBD3F600806DAC /* ButtonView.swift */; };
/* End PBXBuildFile section */

/* Begin PBXFileReference section */
		B5535C0C2AEEFC6700709D53 /* StartView.swift */ = {isa = PBXFileReference; lastKnownFileType = sourcecode.swift; path = StartView.swift; sourceTree = "<group>"; };
		B5535C0E2AEEFCC700709D53 /* MainMenuView.swift */ = {isa = PBXFileReference; lastKnownFileType = sourcecode.swift; path = MainMenuView.swift; sourceTree = "<group>"; };
		B56A1DAA2AFD5F84006AC92D /* AuthView.swift */ = {isa = PBXFileReference; lastKnownFileType = sourcecode.swift; path = AuthView.swift; sourceTree = "<group>"; };
		B57AAA342AF12DE6003E79E6 /* InfoRowView.swift */ = {isa = PBXFileReference; lastKnownFileType = sourcecode.swift; path = InfoRowView.swift; sourceTree = "<group>"; };
		B584C3142AE9879B00464E32 /* Gradify.app */ = {isa = PBXFileReference; explicitFileType = wrapper.application; includeInIndex = 0; path = Gradify.app; sourceTree = BUILT_PRODUCTS_DIR; };
		B584C3172AE9879B00464E32 /* GradifyApp.swift */ = {isa = PBXFileReference; lastKnownFileType = sourcecode.swift; path = GradifyApp.swift; sourceTree = "<group>"; };
		B584C31B2AE9879D00464E32 /* Assets.xcassets */ = {isa = PBXFileReference; lastKnownFileType = folder.assetcatalog; path = Assets.xcassets; sourceTree = "<group>"; };
		B584C31E2AE9879D00464E32 /* Preview Assets.xcassets */ = {isa = PBXFileReference; lastKnownFileType = folder.assetcatalog; path = "Preview Assets.xcassets"; sourceTree = "<group>"; };
		B584C3202AE9879D00464E32 /* Gradify.entitlements */ = {isa = PBXFileReference; lastKnownFileType = text.plist.entitlements; path = Gradify.entitlements; sourceTree = "<group>"; };
		B5E23C6C2AFBD3F600806DAC /* ButtonView.swift */ = {isa = PBXFileReference; lastKnownFileType = sourcecode.swift; path = ButtonView.swift; sourceTree = "<group>"; };
/* End PBXFileReference section */

/* Begin PBXFrameworksBuildPhase section */
		B584C3112AE9879B00464E32 /* Frameworks */ = {
			isa = PBXFrameworksBuildPhase;
			buildActionMask = 2147483647;
			files = (
			);
			runOnlyForDeploymentPostprocessing = 0;
		};
/* End PBXFrameworksBuildPhase section */

/* Begin PBXGroup section */
		B57AAA312AF12BA1003E79E6 /* StartViews */ = {
			isa = PBXGroup;
			children = (
				B5E23C6C2AFBD3F600806DAC /* ButtonView.swift */,
				B5535C0C2AEEFC6700709D53 /* StartView.swift */,
				B57AAA342AF12DE6003E79E6 /* InfoRowView.swift */,
			);
			path = StartViews;
			sourceTree = "<group>";
		};
		B57AAA322AF12BB6003E79E6 /* View */ = {
			isa = PBXGroup;
			children = (
				B57AAA332AF12BC4003E79E6 /* MainViews */,
				B57AAA312AF12BA1003E79E6 /* StartViews */,
			);
			path = View;
			sourceTree = "<group>";
		};
		B57AAA332AF12BC4003E79E6 /* MainViews */ = {
			isa = PBXGroup;
			children = (
				B5535C0E2AEEFCC700709D53 /* MainMenuView.swift */,
				B56A1DAA2AFD5F84006AC92D /* AuthView.swift */,
			);
			path = MainViews;
			sourceTree = "<group>";
		};
		B584C30B2AE9879B00464E32 = {
			isa = PBXGroup;
			children = (
				B584C3162AE9879B00464E32 /* Gradify */,
				B584C3152AE9879B00464E32 /* Products */,
			);
			sourceTree = "<group>";
		};
		B584C3152AE9879B00464E32 /* Products */ = {
			isa = PBXGroup;
			children = (
				B584C3142AE9879B00464E32 /* Gradify.app */,
			);
			name = Products;
			sourceTree = "<group>";
		};
		B584C3162AE9879B00464E32 /* Gradify */ = {
			isa = PBXGroup;
			children = (
				B584C3172AE9879B00464E32 /* GradifyApp.swift */,
				B57AAA322AF12BB6003E79E6 /* View */,
				B584C31B2AE9879D00464E32 /* Assets.xcassets */,
				B584C3202AE9879D00464E32 /* Gradify.entitlements */,
				B584C31D2AE9879D00464E32 /* Preview Content */,
			);
			path = Gradify;
			sourceTree = "<group>";
		};
		B584C31D2AE9879D00464E32 /* Preview Content */ = {
			isa = PBXGroup;
			children = (
				B584C31E2AE9879D00464E32 /* Preview Assets.xcassets */,
			);
			path = "Preview Content";
			sourceTree = "<group>";
		};
/* End PBXGroup section */

/* Begin PBXNativeTarget section */
		B584C3132AE9879B00464E32 /* Gradify */ = {
			isa = PBXNativeTarget;
			buildConfigurationList = B584C3232AE9879D00464E32 /* Build configuration list for PBXNativeTarget "Gradify" */;
			buildPhases = (
				B584C3102AE9879B00464E32 /* Sources */,
				B584C3112AE9879B00464E32 /* Frameworks */,
				B584C3122AE9879B00464E32 /* Resources */,
			);
			buildRules = (
			);
			dependencies = (
			);
			name = Gradify;
			productName = Gradify;
			productReference = B584C3142AE9879B00464E32 /* Gradify.app */;
			productType = "com.apple.product-type.application";
		};
/* End PBXNativeTarget section */

/* Begin PBXProject section */
		B584C30C2AE9879B00464E32 /* Project object */ = {
			isa = PBXProject;
			attributes = {
				BuildIndependentTargetsInParallel = 1;
				LastSwiftUpdateCheck = 1500;
				LastUpgradeCheck = 1500;
				TargetAttributes = {
					B584C3132AE9879B00464E32 = {
						CreatedOnToolsVersion = 15.0;
					};
				};
			};
			buildConfigurationList = B584C30F2AE9879B00464E32 /* Build configuration list for PBXProject "Gradify" */;
			compatibilityVersion = "Xcode 15.0";
			developmentRegion = uk;
			hasScannedForEncodings = 0;
			knownRegions = (
				en,
				Base,
				uk,
			);
			mainGroup = B584C30B2AE9879B00464E32;
			productRefGroup = B584C3152AE9879B00464E32 /* Products */;
			projectDirPath = "";
			projectRoot = "";
			targets = (
				B584C3132AE9879B00464E32 /* Gradify */,
			);
		};
/* End PBXProject section */

/* Begin PBXResourcesBuildPhase section */
		B584C3122AE9879B00464E32 /* Resources */ = {
			isa = PBXResourcesBuildPhase;
			buildActionMask = 2147483647;
			files = (
				B584C31F2AE9879D00464E32 /* Preview Assets.xcassets in Resources */,
				B584C31C2AE9879D00464E32 /* Assets.xcassets in Resources */,
			);
			runOnlyForDeploymentPostprocessing = 0;
		};
/* End PBXResourcesBuildPhase section */

/* Begin PBXSourcesBuildPhase section */
		B584C3102AE9879B00464E32 /* Sources */ = {
			isa = PBXSourcesBuildPhase;
			buildActionMask = 2147483647;
			files = (
				B5535C0D2AEEFC6700709D53 /* StartView.swift in Sources */,
				B5535C0F2AEEFCC700709D53 /* MainMenuView.swift in Sources */,
				B56A1DAB2AFD5F84006AC92D /* AuthView.swift in Sources */,
				B5E23C6D2AFBD3F600806DAC /* ButtonView.swift in Sources */,
				B584C3182AE9879B00464E32 /* GradifyApp.swift in Sources */,
				B57AAA352AF12DE6003E79E6 /* InfoRowView.swift in Sources */,
			);
			runOnlyForDeploymentPostprocessing = 0;
		};
/* End PBXSourcesBuildPhase section */

/* Begin XCBuildConfiguration section */
		B584C3212AE9879D00464E32 /* Debug */ = {
			isa = XCBuildConfiguration;
			buildSettings = {
				ALWAYS_SEARCH_USER_PATHS = NO;
				ASSETCATALOG_COMPILER_GENERATE_SWIFT_ASSET_SYMBOL_EXTENSIONS = YES;
				CLANG_ANALYZER_NONNULL = YES;
				CLANG_ANALYZER_NUMBER_OBJECT_CONVERSION = YES_AGGRESSIVE;
				CLANG_CXX_LANGUAGE_STANDARD = "gnu++20";
				CLANG_ENABLE_MODULES = YES;
				CLANG_ENABLE_OBJC_ARC = YES;
				CLANG_ENABLE_OBJC_WEAK = YES;
				CLANG_WARN_BLOCK_CAPTURE_AUTORELEASING = YES;
				CLANG_WARN_BOOL_CONVERSION = YES;
				CLANG_WARN_COMMA = YES;
				CLANG_WARN_CONSTANT_CONVERSION = YES;
				CLANG_WARN_DEPRECATED_OBJC_IMPLEMENTATIONS = YES;
				CLANG_WARN_DIRECT_OBJC_ISA_USAGE = YES_ERROR;
				CLANG_WARN_DOCUMENTATION_COMMENTS = YES;
				CLANG_WARN_EMPTY_BODY = YES;
				CLANG_WARN_ENUM_CONVERSION = YES;
				CLANG_WARN_INFINITE_RECURSION = YES;
				CLANG_WARN_INT_CONVERSION = YES;
				CLANG_WARN_NON_LITERAL_NULL_CONVERSION = YES;
				CLANG_WARN_OBJC_IMPLICIT_RETAIN_SELF = YES;
				CLANG_WARN_OBJC_LITERAL_CONVERSION = YES;
				CLANG_WARN_OBJC_ROOT_CLASS = YES_ERROR;
				CLANG_WARN_QUOTED_INCLUDE_IN_FRAMEWORK_HEADER = YES;
				CLANG_WARN_RANGE_LOOP_ANALYSIS = YES;
				CLANG_WARN_STRICT_PROTOTYPES = YES;
				CLANG_WARN_SUSPICIOUS_MOVE = YES;
				CLANG_WARN_UNGUARDED_AVAILABILITY = YES_AGGRESSIVE;
				CLANG_WARN_UNREACHABLE_CODE = YES;
				CLANG_WARN__DUPLICATE_METHOD_MATCH = YES;
				COPY_PHASE_STRIP = NO;
				DEBUG_INFORMATION_FORMAT = dwarf;
				ENABLE_STRICT_OBJC_MSGSEND = YES;
				ENABLE_TESTABILITY = YES;
				ENABLE_USER_SCRIPT_SANDBOXING = YES;
				GCC_C_LANGUAGE_STANDARD = gnu17;
				GCC_DYNAMIC_NO_PIC = NO;
				GCC_NO_COMMON_BLOCKS = YES;
				GCC_OPTIMIZATION_LEVEL = 0;
				GCC_PREPROCESSOR_DEFINITIONS = (
					"DEBUG=1",
					"$(inherited)",
				);
				GCC_WARN_64_TO_32_BIT_CONVERSION = YES;
				GCC_WARN_ABOUT_RETURN_TYPE = YES_ERROR;
				GCC_WARN_UNDECLARED_SELECTOR = YES;
				GCC_WARN_UNINITIALIZED_AUTOS = YES_AGGRESSIVE;
				GCC_WARN_UNUSED_FUNCTION = YES;
				GCC_WARN_UNUSED_VARIABLE = YES;
				LOCALIZATION_PREFERS_STRING_CATALOGS = YES;
				MACOSX_DEPLOYMENT_TARGET = 14.0;
				MTL_ENABLE_DEBUG_INFO = INCLUDE_SOURCE;
				MTL_FAST_MATH = YES;
				ONLY_ACTIVE_ARCH = YES;
				SDKROOT = macosx;
				SWIFT_ACTIVE_COMPILATION_CONDITIONS = "DEBUG $(inherited)";
				SWIFT_OPTIMIZATION_LEVEL = "-Onone";
			};
			name = Debug;
		};
		B584C3222AE9879D00464E32 /* Release */ = {
			isa = XCBuildConfiguration;
			buildSettings = {
				ALWAYS_SEARCH_USER_PATHS = NO;
				ASSETCATALOG_COMPILER_GENERATE_SWIFT_ASSET_SYMBOL_EXTENSIONS = YES;
				CLANG_ANALYZER_NONNULL = YES;
				CLANG_ANALYZER_NUMBER_OBJECT_CONVERSION = YES_AGGRESSIVE;
				CLANG_CXX_LANGUAGE_STANDARD = "gnu++20";
				CLANG_ENABLE_MODULES = YES;
				CLANG_ENABLE_OBJC_ARC = YES;
				CLANG_ENABLE_OBJC_WEAK = YES;
				CLANG_WARN_BLOCK_CAPTURE_AUTORELEASING = YES;
				CLANG_WARN_BOOL_CONVERSION = YES;
				CLANG_WARN_COMMA = YES;
				CLANG_WARN_CONSTANT_CONVERSION = YES;
				CLANG_WARN_DEPRECATED_OBJC_IMPLEMENTATIONS = YES;
				CLANG_WARN_DIRECT_OBJC_ISA_USAGE = YES_ERROR;
				CLANG_WARN_DOCUMENTATION_COMMENTS = YES;
				CLANG_WARN_EMPTY_BODY = YES;
				CLANG_WARN_ENUM_CONVERSION = YES;
				CLANG_WARN_INFINITE_RECURSION = YES;
				CLANG_WARN_INT_CONVERSION = YES;
				CLANG_WARN_NON_LITERAL_NULL_CONVERSION = YES;
				CLANG_WARN_OBJC_IMPLICIT_RETAIN_SELF = YES;
				CLANG_WARN_OBJC_LITERAL_CONVERSION = YES;
				CLANG_WARN_OBJC_ROOT_CLASS = YES_ERROR;
				CLANG_WARN_QUOTED_INCLUDE_IN_FRAMEWORK_HEADER = YES;
				CLANG_WARN_RANGE_LOOP_ANALYSIS = YES;
				CLANG_WARN_STRICT_PROTOTYPES = YES;
				CLANG_WARN_SUSPICIOUS_MOVE = YES;
				CLANG_WARN_UNGUARDED_AVAILABILITY = YES_AGGRESSIVE;
				CLANG_WARN_UNREACHABLE_CODE = YES;
				CLANG_WARN__DUPLICATE_METHOD_MATCH = YES;
				COPY_PHASE_STRIP = NO;
				DEBUG_INFORMATION_FORMAT = "dwarf-with-dsym";
				ENABLE_NS_ASSERTIONS = NO;
				ENABLE_STRICT_OBJC_MSGSEND = YES;
				ENABLE_USER_SCRIPT_SANDBOXING = YES;
				GCC_C_LANGUAGE_STANDARD = gnu17;
				GCC_NO_COMMON_BLOCKS = YES;
				GCC_WARN_64_TO_32_BIT_CONVERSION = YES;
				GCC_WARN_ABOUT_RETURN_TYPE = YES_ERROR;
				GCC_WARN_UNDECLARED_SELECTOR = YES;
				GCC_WARN_UNINITIALIZED_AUTOS = YES_AGGRESSIVE;
				GCC_WARN_UNUSED_FUNCTION = YES;
				GCC_WARN_UNUSED_VARIABLE = YES;
				LOCALIZATION_PREFERS_STRING_CATALOGS = YES;
				MACOSX_DEPLOYMENT_TARGET = 14.0;
				MTL_ENABLE_DEBUG_INFO = NO;
				MTL_FAST_MATH = YES;
				SDKROOT = macosx;
				SWIFT_COMPILATION_MODE = wholemodule;
			};
			name = Release;
		};
		B584C3242AE9879D00464E32 /* Debug */ = {
			isa = XCBuildConfiguration;
			buildSettings = {
				ASSETCATALOG_COMPILER_APPICON_NAME = AppIcon;
				ASSETCATALOG_COMPILER_GLOBAL_ACCENT_COLOR_NAME = AccentColor;
				CODE_SIGN_ENTITLEMENTS = Gradify/Gradify.entitlements;
				CODE_SIGN_STYLE = Automatic;
				COMBINE_HIDPI_IMAGES = YES;
				CURRENT_PROJECT_VERSION = 2;
				DEVELOPMENT_ASSET_PATHS = "\"Gradify/Preview Content\"";
				DEVELOPMENT_TEAM = L4XDJUG5Z2;
				ENABLE_HARDENED_RUNTIME = YES;
				ENABLE_PREVIEWS = YES;
				GENERATE_INFOPLIST_FILE = YES;
				INFOPLIST_KEY_LSApplicationCategoryType = "public.app-category.education";
				INFOPLIST_KEY_NSHumanReadableCopyright = "";
				LD_RUNPATH_SEARCH_PATHS = (
					"$(inherited)",
					"@executable_path/../Frameworks",
				);
				MARKETING_VERSION = Developer;
				PRODUCT_BUNDLE_IDENTIFIER = AndriiIzbash.Gradify;
				PRODUCT_NAME = "$(TARGET_NAME)";
				SWIFT_EMIT_LOC_STRINGS = YES;
				SWIFT_VERSION = 5.0;
			};
			name = Debug;
		};
		B584C3252AE9879D00464E32 /* Release */ = {
			isa = XCBuildConfiguration;
			buildSettings = {
				ASSETCATALOG_COMPILER_APPICON_NAME = AppIcon;
				ASSETCATALOG_COMPILER_GLOBAL_ACCENT_COLOR_NAME = AccentColor;
				CODE_SIGN_ENTITLEMENTS = Gradify/Gradify.entitlements;
				CODE_SIGN_STYLE = Automatic;
				COMBINE_HIDPI_IMAGES = YES;
				CURRENT_PROJECT_VERSION = 2;
				DEVELOPMENT_ASSET_PATHS = "\"Gradify/Preview Content\"";
				DEVELOPMENT_TEAM = L4XDJUG5Z2;
				ENABLE_HARDENED_RUNTIME = YES;
				ENABLE_PREVIEWS = YES;
				GENERATE_INFOPLIST_FILE = YES;
				INFOPLIST_KEY_LSApplicationCategoryType = "public.app-category.education";
				INFOPLIST_KEY_NSHumanReadableCopyright = "";
				LD_RUNPATH_SEARCH_PATHS = (
					"$(inherited)",
					"@executable_path/../Frameworks",
				);
				MARKETING_VERSION = Developer;
				PRODUCT_BUNDLE_IDENTIFIER = AndriiIzbash.Gradify;
				PRODUCT_NAME = "$(TARGET_NAME)";
				SWIFT_EMIT_LOC_STRINGS = YES;
				SWIFT_VERSION = 5.0;
			};
			name = Release;
		};
/* End XCBuildConfiguration section */

/* Begin XCConfigurationList section */
		B584C30F2AE9879B00464E32 /* Build configuration list for PBXProject "Gradify" */ = {
			isa = XCConfigurationList;
			buildConfigurations = (
				B584C3212AE9879D00464E32 /* Debug */,
				B584C3222AE9879D00464E32 /* Release */,
			);
			defaultConfigurationIsVisible = 0;
			defaultConfigurationName = Release;
		};
		B584C3232AE9879D00464E32 /* Build configuration list for PBXNativeTarget "Gradify" */ = {
			isa = XCConfigurationList;
			buildConfigurations = (
				B584C3242AE9879D00464E32 /* Debug */,
				B584C3252AE9879D00464E32 /* Release */,
			);
			defaultConfigurationIsVisible = 0;
			defaultConfigurationName = Release;
		};
/* End XCConfigurationList section */
	};
	rootObject = B584C30C2AE9879B00464E32 /* Project object */;
}
